
Microsoft Visual Studio Solution File, Format Version 12.00
# Visual Studio Version 17
VisualStudioVersion = 17.14.36301.6 d17.14
MinimumVisualStudioVersion = 10.0.40219.1
Project("{FAE04EC0-301F-11D3-BF4B-00C04F79EFBC}") = "SimpleGitProj", "SimpleGitProj\SimpleGitProj.csproj", "{493E0162-B492-44D6-A803-C38A288F508C}"
EndProject
Global
	GlobalSection(SolutionConfigurationPlatforms) = preSolution
		Debug|Any CPU = Debug|Any CPU
		Release|Any CPU = Release|Any CPU
	EndGlobalSection
	GlobalSection(ProjectConfigurationPlatforms) = postSolution
		{493E0162-B492-44D6-A803-C38A288F508C}.Debug|Any CPU.ActiveCfg = Debug|Any CPU
		{493E0162-B492-44D6-A803-C38A288F508C}.Debug|Any CPU.Build.0 = Debug|Any CPU
		{493E0162-B492-44D6-A803-C38A288F508C}.Release|Any CPU.ActiveCfg = Release|Any CPU
		{493E0162-B492-44D6-A803-C38A288F508C}.Release|Any CPU.Build.0 = Release|Any CPU
	EndGlobalSection
	GlobalSection(SolutionProperties) = preSolution
		HideSolutionNode = FALSE
	EndGlobalSection
	GlobalSection(ExtensibilityGlobals) = postSolution
		SolutionGuid = {0AA7F13F-54AE-4584-8F22-2C67ECCD9A02}
	EndGlobalSection
EndGlobal
